
Microsoft Visual Studio Solution File, Format Version 12.00
# Visual Studio Version 16
VisualStudioVersion = 16.0.30709.64
MinimumVisualStudioVersion = 10.0.40219.1
Project("{9A19103F-16F7-4668-BE54-9A1E7A4F7556}") = "pnp", "pnp\pnp.csproj", "{0439971C-9A8F-42F0-9CD6-EA0A8547F248}"
EndProject
Project("{FAE04EC0-301F-11D3-BF4B-00C04F79EFBC}") = "pnp.test", "pnp.test\pnp.test.csproj", "{B31C1FA0-42CB-4202-AC2E-3959628759A9}"
EndProject
Project("{9A19103F-16F7-4668-BE54-9A1E7A4F7556}") = "device", "device\device.csproj", "{14947554-B2E9-43E0-92D7-15942B86557B}"
EndProject
Global
	GlobalSection(SolutionConfigurationPlatforms) = preSolution
		Debug|Any CPU = Debug|Any CPU
		Release|Any CPU = Release|Any CPU
	EndGlobalSection
	GlobalSection(ProjectConfigurationPlatforms) = postSolution
		{0439971C-9A8F-42F0-9CD6-EA0A8547F248}.Debug|Any CPU.ActiveCfg = Debug|Any CPU
		{0439971C-9A8F-42F0-9CD6-EA0A8547F248}.Debug|Any CPU.Build.0 = Debug|Any CPU
		{0439971C-9A8F-42F0-9CD6-EA0A8547F248}.Release|Any CPU.ActiveCfg = Release|Any CPU
		{0439971C-9A8F-42F0-9CD6-EA0A8547F248}.Release|Any CPU.Build.0 = Release|Any CPU
		{B31C1FA0-42CB-4202-AC2E-3959628759A9}.Debug|Any CPU.ActiveCfg = Debug|Any CPU
		{B31C1FA0-42CB-4202-AC2E-3959628759A9}.Debug|Any CPU.Build.0 = Debug|Any CPU
		{B31C1FA0-42CB-4202-AC2E-3959628759A9}.Release|Any CPU.ActiveCfg = Release|Any CPU
		{B31C1FA0-42CB-4202-AC2E-3959628759A9}.Release|Any CPU.Build.0 = Release|Any CPU
		{14947554-B2E9-43E0-92D7-15942B86557B}.Debug|Any CPU.ActiveCfg = Debug|Any CPU
		{14947554-B2E9-43E0-92D7-15942B86557B}.Debug|Any CPU.Build.0 = Debug|Any CPU
		{14947554-B2E9-43E0-92D7-15942B86557B}.Release|Any CPU.ActiveCfg = Release|Any CPU
		{14947554-B2E9-43E0-92D7-15942B86557B}.Release|Any CPU.Build.0 = Release|Any CPU
	EndGlobalSection
	GlobalSection(SolutionProperties) = preSolution
		HideSolutionNode = FALSE
	EndGlobalSection
	GlobalSection(ExtensibilityGlobals) = postSolution
		SolutionGuid = {54CE17FE-69CC-4206-94E0-993EC3CEA938}
	EndGlobalSection
EndGlobal
